// !$*UTF8*$!
{
	archiveVersion = 1;
	classes = {
	};
	objectVersion = 46;
	objects = {

/* Begin PBXBuildFile section */
		DFBDEA6C1C63CD6200FA47BF /* AppDelegate.swift in Sources */ = {isa = PBXBuildFile; fileRef = DFBDEA6B1C63CD6200FA47BF /* AppDelegate.swift */; };
		DFBDEA711C63CD6200FA47BF /* MainMenu.xib in Resources */ = {isa = PBXBuildFile; fileRef = DFBDEA6F1C63CD6200FA47BF /* MainMenu.xib */; };
		DFBDEA811C63CEAB00FA47BF /* GeneralPreferencesController.swift in Sources */ = {isa = PBXBuildFile; fileRef = DFBDEA7D1C63CEAB00FA47BF /* GeneralPreferencesController.swift */; };
		DFBDEA821C63CEAB00FA47BF /* GeneralPreferencesController.xib in Resources */ = {isa = PBXBuildFile; fileRef = DFBDEA7E1C63CEAB00FA47BF /* GeneralPreferencesController.xib */; };
		DFBDEA831C63CEAB00FA47BF /* AdvancedPreferencesController.swift in Sources */ = {isa = PBXBuildFile; fileRef = DFBDEA7F1C63CEAB00FA47BF /* AdvancedPreferencesController.swift */; };
		DFBDEA841C63CEAB00FA47BF /* AdvancedPreferencesController.xib in Resources */ = {isa = PBXBuildFile; fileRef = DFBDEA801C63CEAB00FA47BF /* AdvancedPreferencesController.xib */; };
		FDADE0DB1CAB02DF003394C5 /* CCNPreferencesWindowController.swift in Sources */ = {isa = PBXBuildFile; fileRef = FDADE0D71CAB02DF003394C5 /* CCNPreferencesWindowController.swift */; };
		FDADE0DC1CAB02DF003394C5 /* CCNPreferencesWindowControllerProtocol.swift in Sources */ = {isa = PBXBuildFile; fileRef = FDADE0D91CAB02DF003394C5 /* CCNPreferencesWindowControllerProtocol.swift */; };
/* End PBXBuildFile section */

/* Begin PBXFileReference section */
		DFBDEA681C63CD6200FA47BF /* PreferencesControllerTest.app */ = {isa = PBXFileReference; explicitFileType = wrapper.application; includeInIndex = 0; path = PreferencesControllerTest.app; sourceTree = BUILT_PRODUCTS_DIR; };
		DFBDEA6B1C63CD6200FA47BF /* AppDelegate.swift */ = {isa = PBXFileReference; lastKnownFileType = sourcecode.swift; path = AppDelegate.swift; sourceTree = "<group>"; };
		DFBDEA701C63CD6200FA47BF /* Base */ = {isa = PBXFileReference; lastKnownFileType = file.xib; name = Base; path = Base.lproj/MainMenu.xib; sourceTree = "<group>"; };
		DFBDEA721C63CD6200FA47BF /* Info.plist */ = {isa = PBXFileReference; lastKnownFileType = text.plist.xml; path = Info.plist; sourceTree = "<group>"; };
		DFBDEA7D1C63CEAB00FA47BF /* GeneralPreferencesController.swift */ = {isa = PBXFileReference; fileEncoding = 4; lastKnownFileType = sourcecode.swift; name = GeneralPreferencesController.swift; path = Panels/GeneralPreferencesController.swift; sourceTree = "<group>"; };
		DFBDEA7E1C63CEAB00FA47BF /* GeneralPreferencesController.xib */ = {isa = PBXFileReference; fileEncoding = 4; lastKnownFileType = file.xib; name = GeneralPreferencesController.xib; path = Panels/GeneralPreferencesController.xib; sourceTree = "<group>"; };
		DFBDEA7F1C63CEAB00FA47BF /* AdvancedPreferencesController.swift */ = {isa = PBXFileReference; fileEncoding = 4; lastKnownFileType = sourcecode.swift; name = AdvancedPreferencesController.swift; path = Panels/AdvancedPreferencesController.swift; sourceTree = "<group>"; };
		DFBDEA801C63CEAB00FA47BF /* AdvancedPreferencesController.xib */ = {isa = PBXFileReference; fileEncoding = 4; lastKnownFileType = file.xib; name = AdvancedPreferencesController.xib; path = Panels/AdvancedPreferencesController.xib; sourceTree = "<group>"; };
		FDADE0D71CAB02DF003394C5 /* CCNPreferencesWindowController.swift */ = {isa = PBXFileReference; fileEncoding = 4; lastKnownFileType = sourcecode.swift; name = CCNPreferencesWindowController.swift; path = Swift/CCNPreferencesWindowController.swift; sourceTree = "<group>"; };
		FDADE0D91CAB02DF003394C5 /* CCNPreferencesWindowControllerProtocol.swift */ = {isa = PBXFileReference; fileEncoding = 4; lastKnownFileType = sourcecode.swift; name = CCNPreferencesWindowControllerProtocol.swift; path = Swift/CCNPreferencesWindowControllerProtocol.swift; sourceTree = "<group>"; };
/* End PBXFileReference section */

/* Begin PBXFrameworksBuildPhase section */
		DFBDEA651C63CD6200FA47BF /* Frameworks */ = {
			isa = PBXFrameworksBuildPhase;
			buildActionMask = 2147483647;
			files = (
			);
			runOnlyForDeploymentPostprocessing = 0;
		};
/* End PBXFrameworksBuildPhase section */

/* Begin PBXGroup section */
		DFBDEA5F1C63CD6200FA47BF = {
			isa = PBXGroup;
			children = (
				DFBDEA6A1C63CD6200FA47BF /* PreferencesControllerTest */,
				FDADE0D41CAB02DF003394C5 /* CCNPreferencesWindowController */,
				DFBDEA781C63CD6C00FA47BF /* Supporting Files */,
				DFBDEA691C63CD6200FA47BF /* Products */,
			);
			sourceTree = "<group>";
		};
		DFBDEA691C63CD6200FA47BF /* Products */ = {
			isa = PBXGroup;
			children = (
				DFBDEA681C63CD6200FA47BF /* PreferencesControllerTest.app */,
			);
			name = Products;
			sourceTree = "<group>";
		};
		DFBDEA6A1C63CD6200FA47BF /* PreferencesControllerTest */ = {
			isa = PBXGroup;
			children = (
				DFBDEA6B1C63CD6200FA47BF /* AppDelegate.swift */,
				DFBDEA851C63CEAE00FA47BF /* Panels */,
			);
			path = PreferencesControllerTest;
			sourceTree = "<group>";
		};
		DFBDEA781C63CD6C00FA47BF /* Supporting Files */ = {
			isa = PBXGroup;
			children = (
				DFBDEA6F1C63CD6200FA47BF /* MainMenu.xib */,
				DFBDEA721C63CD6200FA47BF /* Info.plist */,
			);
			name = "Supporting Files";
			path = PreferencesControllerTest;
			sourceTree = "<group>";
		};
		DFBDEA851C63CEAE00FA47BF /* Panels */ = {
			isa = PBXGroup;
			children = (
				DFBDEA7D1C63CEAB00FA47BF /* GeneralPreferencesController.swift */,
				DFBDEA7E1C63CEAB00FA47BF /* GeneralPreferencesController.xib */,
				DFBDEA7F1C63CEAB00FA47BF /* AdvancedPreferencesController.swift */,
				DFBDEA801C63CEAB00FA47BF /* AdvancedPreferencesController.xib */,
			);
			name = Panels;
			sourceTree = "<group>";
		};
		FDADE0D41CAB02DF003394C5 /* CCNPreferencesWindowController */ = {
			isa = PBXGroup;
			children = (
				FDADE0D71CAB02DF003394C5 /* CCNPreferencesWindowController.swift */,
				FDADE0D91CAB02DF003394C5 /* CCNPreferencesWindowControllerProtocol.swift */,
			);
			name = CCNPreferencesWindowController;
			path = ../CCNPreferencesWindowController;
			sourceTree = "<group>";
		};
/* End PBXGroup section */

/* Begin PBXNativeTarget section */
		DFBDEA671C63CD6200FA47BF /* PreferencesControllerTest */ = {
			isa = PBXNativeTarget;
			buildConfigurationList = DFBDEA751C63CD6200FA47BF /* Build configuration list for PBXNativeTarget "PreferencesControllerTest" */;
			buildPhases = (
				DFBDEA641C63CD6200FA47BF /* Sources */,
				DFBDEA651C63CD6200FA47BF /* Frameworks */,
				DFBDEA661C63CD6200FA47BF /* Resources */,
			);
			buildRules = (
			);
			dependencies = (
			);
			name = PreferencesControllerTest;
			productName = PreferencesControllerTest;
			productReference = DFBDEA681C63CD6200FA47BF /* PreferencesControllerTest.app */;
			productType = "com.apple.product-type.application";
		};
/* End PBXNativeTarget section */

/* Begin PBXProject section */
		DFBDEA601C63CD6200FA47BF /* Project object */ = {
			isa = PBXProject;
			attributes = {
				LastSwiftUpdateCheck = 0720;
				LastUpgradeCheck = 0800;
				ORGANIZATIONNAME = "Bruno Vandekerkhove";
				TargetAttributes = {
					DFBDEA671C63CD6200FA47BF = {
						CreatedOnToolsVersion = 7.2;
						LastSwiftMigration = 0800;
					};
				};
			};
			buildConfigurationList = DFBDEA631C63CD6200FA47BF /* Build configuration list for PBXProject "PreferencesControllerTest-Swift" */;
			compatibilityVersion = "Xcode 3.2";
			developmentRegion = English;
			hasScannedForEncodings = 0;
			knownRegions = (
				en,
				Base,
			);
			mainGroup = DFBDEA5F1C63CD6200FA47BF;
			productRefGroup = DFBDEA691C63CD6200FA47BF /* Products */;
			projectDirPath = "";
			projectRoot = "";
			targets = (
				DFBDEA671C63CD6200FA47BF /* PreferencesControllerTest */,
			);
		};
/* End PBXProject section */

/* Begin PBXResourcesBuildPhase section */
		DFBDEA661C63CD6200FA47BF /* Resources */ = {
			isa = PBXResourcesBuildPhase;
			buildActionMask = 2147483647;
			files = (
				DFBDEA841C63CEAB00FA47BF /* AdvancedPreferencesController.xib in Resources */,
				DFBDEA821C63CEAB00FA47BF /* GeneralPreferencesController.xib in Resources */,
				DFBDEA711C63CD6200FA47BF /* MainMenu.xib in Resources */,
			);
			runOnlyForDeploymentPostprocessing = 0;
		};
/* End PBXResourcesBuildPhase section */

/* Begin PBXSourcesBuildPhase section */
		DFBDEA641C63CD6200FA47BF /* Sources */ = {
			isa = PBXSourcesBuildPhase;
			buildActionMask = 2147483647;
			files = (
				DFBDEA811C63CEAB00FA47BF /* GeneralPreferencesController.swift in Sources */,
				DFBDEA831C63CEAB00FA47BF /* AdvancedPreferencesController.swift in Sources */,
				FDADE0DC1CAB02DF003394C5 /* CCNPreferencesWindowControllerProtocol.swift in Sources */,
				DFBDEA6C1C63CD6200FA47BF /* AppDelegate.swift in Sources */,
				FDADE0DB1CAB02DF003394C5 /* CCNPreferencesWindowController.swift in Sources */,
			);
			runOnlyForDeploymentPostprocessing = 0;
		};
/* End PBXSourcesBuildPhase section */

/* Begin PBXVariantGroup section */
		DFBDEA6F1C63CD6200FA47BF /* MainMenu.xib */ = {
			isa = PBXVariantGroup;
			children = (
				DFBDEA701C63CD6200FA47BF /* Base */,
			);
			name = MainMenu.xib;
			sourceTree = "<group>";
		};
/* End PBXVariantGroup section */

/* Begin XCBuildConfiguration section */
		DFBDEA731C63CD6200FA47BF /* Debug */ = {
			isa = XCBuildConfiguration;
			buildSettings = {
				ALWAYS_SEARCH_USER_PATHS = NO;
				CLANG_CXX_LANGUAGE_STANDARD = "gnu++0x";
				CLANG_CXX_LIBRARY = "libc++";
				CLANG_ENABLE_MODULES = YES;
				CLANG_ENABLE_OBJC_ARC = YES;
				CLANG_WARN_BOOL_CONVERSION = YES;
				CLANG_WARN_CONSTANT_CONVERSION = YES;
				CLANG_WARN_DIRECT_OBJC_ISA_USAGE = YES_ERROR;
				CLANG_WARN_EMPTY_BODY = YES;
				CLANG_WARN_ENUM_CONVERSION = YES;
				CLANG_WARN_INFINITE_RECURSION = YES;
				CLANG_WARN_INT_CONVERSION = YES;
				CLANG_WARN_OBJC_ROOT_CLASS = YES_ERROR;
				CLANG_WARN_SUSPICIOUS_MOVE = YES;
				CLANG_WARN_UNREACHABLE_CODE = YES;
				CLANG_WARN__DUPLICATE_METHOD_MATCH = YES;
				CODE_SIGN_IDENTITY = "-";
				COPY_PHASE_STRIP = NO;
				DEBUG_INFORMATION_FORMAT = dwarf;
				ENABLE_STRICT_OBJC_MSGSEND = YES;
				ENABLE_TESTABILITY = YES;
				GCC_C_LANGUAGE_STANDARD = gnu99;
				GCC_DYNAMIC_NO_PIC = NO;
				GCC_NO_COMMON_BLOCKS = YES;
				GCC_OPTIMIZATION_LEVEL = 0;
				GCC_PREPROCESSOR_DEFINITIONS = (
					"DEBUG=1",
					"$(inherited)",
				);
				GCC_WARN_64_TO_32_BIT_CONVERSION = YES;
				GCC_WARN_ABOUT_RETURN_TYPE = YES_ERROR;
				GCC_WARN_UNDECLARED_SELECTOR = YES;
				GCC_WARN_UNINITIALIZED_AUTOS = YES_AGGRESSIVE;
				GCC_WARN_UNUSED_FUNCTION = YES;
				GCC_WARN_UNUSED_VARIABLE = YES;
				MACOSX_DEPLOYMENT_TARGET = 10.11;
				MTL_ENABLE_DEBUG_INFO = YES;
				ONLY_ACTIVE_ARCH = YES;
				SDKROOT = macosx;
				SWIFT_OPTIMIZATION_LEVEL = "-Onone";
			};
			name = Debug;
		};
		DFBDEA741C63CD6200FA47BF /* Release */ = {
			isa = XCBuildConfiguration;
			buildSettings = {
				ALWAYS_SEARCH_USER_PATHS = NO;
				CLANG_CXX_LANGUAGE_STANDARD = "gnu++0x";
				CLANG_CXX_LIBRARY = "libc++";
				CLANG_ENABLE_MODULES = YES;
				CLANG_ENABLE_OBJC_ARC = YES;
				CLANG_WARN_BOOL_CONVERSION = YES;
				CLANG_WARN_CONSTANT_CONVERSION = YES;
				CLANG_WARN_DIRECT_OBJC_ISA_USAGE = YES_ERROR;
				CLANG_WARN_EMPTY_BODY = YES;
				CLANG_WARN_ENUM_CONVERSION = YES;
				CLANG_WARN_INFINITE_RECURSION = YES;
				CLANG_WARN_INT_CONVERSION = YES;
				CLANG_WARN_OBJC_ROOT_CLASS = YES_ERROR;
				CLANG_WARN_SUSPICIOUS_MOVE = YES;
				CLANG_WARN_UNREACHABLE_CODE = YES;
				CLANG_WARN__DUPLICATE_METHOD_MATCH = YES;
				CODE_SIGN_IDENTITY = "-";
				COPY_PHASE_STRIP = NO;
				DEBUG_INFORMATION_FORMAT = "dwarf-with-dsym";
				ENABLE_NS_ASSERTIONS = NO;
				ENABLE_STRICT_OBJC_MSGSEND = YES;
				GCC_C_LANGUAGE_STANDARD = gnu99;
				GCC_NO_COMMON_BLOCKS = YES;
				GCC_WARN_64_TO_32_BIT_CONVERSION = YES;
				GCC_WARN_ABOUT_RETURN_TYPE = YES_ERROR;
				GCC_WARN_UNDECLARED_SELECTOR = YES;
				GCC_WARN_UNINITIALIZED_AUTOS = YES_AGGRESSIVE;
				GCC_WARN_UNUSED_FUNCTION = YES;
				GCC_WARN_UNUSED_VARIABLE = YES;
				MACOSX_DEPLOYMENT_TARGET = 10.11;
				MTL_ENABLE_DEBUG_INFO = NO;
				SDKROOT = macosx;
				SWIFT_OPTIMIZATION_LEVEL = "-Owholemodule";
			};
			name = Release;
		};
		DFBDEA761C63CD6200FA47BF /* Debug */ = {
			isa = XCBuildConfiguration;
			buildSettings = {
				COMBINE_HIDPI_IMAGES = YES;
				INFOPLIST_FILE = PreferencesControllerTest/Info.plist;
				LD_RUNPATH_SEARCH_PATHS = "$(inherited) @executable_path/../Frameworks";
				PRODUCT_BUNDLE_IDENTIFIER = "com.cocoanaut.PreferencesControllerTest-Swift";
				PRODUCT_NAME = "$(TARGET_NAME)";
				SWIFT_VERSION = 3.0;
			};
			name = Debug;
		};
		DFBDEA771C63CD6200FA47BF /* Release */ = {
			isa = XCBuildConfiguration;
			buildSettings = {
				COMBINE_HIDPI_IMAGES = YES;
				INFOPLIST_FILE = PreferencesControllerTest/Info.plist;
				LD_RUNPATH_SEARCH_PATHS = "$(inherited) @executable_path/../Frameworks";
				PRODUCT_BUNDLE_IDENTIFIER = "com.cocoanaut.PreferencesControllerTest-Swift";
				PRODUCT_NAME = "$(TARGET_NAME)";
				SWIFT_VERSION = 3.0;
			};
			name = Release;
		};
/* End XCBuildConfiguration section */

/* Begin XCConfigurationList section */
		DFBDEA631C63CD6200FA47BF /* Build configuration list for PBXProject "PreferencesControllerTest-Swift" */ = {
			isa = XCConfigurationList;
			buildConfigurations = (
				DFBDEA731C63CD6200FA47BF /* Debug */,
				DFBDEA741C63CD6200FA47BF /* Release */,
			);
			defaultConfigurationIsVisible = 0;
			defaultConfigurationName = Release;
		};
		DFBDEA751C63CD6200FA47BF /* Build configuration list for PBXNativeTarget "PreferencesControllerTest" */ = {
			isa = XCConfigurationList;
			buildConfigurations = (
				DFBDEA761C63CD6200FA47BF /* Debug */,
				DFBDEA771C63CD6200FA47BF /* Release */,
			);
			defaultConfigurationIsVisible = 0;
			defaultConfigurationName = Release;
		};
/* End XCConfigurationList section */
	};
	rootObject = DFBDEA601C63CD6200FA47BF /* Project object */;
}
