// !$*UTF8*$!
{
	archiveVersion = 1;
	classes = {
	};
	objectVersion = 46;
	objects = {

/* Begin PBXBuildFile section */
		FD8F555B1A6D0482002A9335 /* AppDelegate.m in Sources */ = {isa = PBXBuildFile; fileRef = FD8F555A1A6D0482002A9335 /* AppDelegate.m */; };
		FD8F555D1A6D0482002A9335 /* main.m in Sources */ = {isa = PBXBuildFile; fileRef = FD8F555C1A6D0482002A9335 /* main.m */; };
		FD8F555F1A6D0482002A9335 /* Images.xcassets in Resources */ = {isa = PBXBuildFile; fileRef = FD8F555E1A6D0482002A9335 /* Images.xcassets */; };
		FD8F55621A6D0482002A9335 /* MainMenu.xib in Resources */ = {isa = PBXBuildFile; fileRef = FD8F55601A6D0482002A9335 /* MainMenu.xib */; };
		FD8F557B1A6D048F002A9335 /* CCNPreferencesWindowController.m in Sources */ = {isa = PBXBuildFile; fileRef = FD8F55791A6D048F002A9335 /* CCNPreferencesWindowController.m */; };
		FD8F557F1A6D069E002A9335 /* PreferencesGeneralViewController.m in Sources */ = {isa = PBXBuildFile; fileRef = FD8F557D1A6D069E002A9335 /* PreferencesGeneralViewController.m */; };
		FD8F55801A6D069E002A9335 /* PreferencesGeneralViewController.xib in Resources */ = {isa = PBXBuildFile; fileRef = FD8F557E1A6D069E002A9335 /* PreferencesGeneralViewController.xib */; };
		FD8F55851A6D078C002A9335 /* PreferencesNetworkViewController.m in Sources */ = {isa = PBXBuildFile; fileRef = FD8F55831A6D078C002A9335 /* PreferencesNetworkViewController.m */; };
		FD8F55861A6D078C002A9335 /* PreferencesNetworkViewController.xib in Resources */ = {isa = PBXBuildFile; fileRef = FD8F55841A6D078C002A9335 /* PreferencesNetworkViewController.xib */; };
		FD8F558A1A6D0886002A9335 /* PreferencesBonjourViewController.m in Sources */ = {isa = PBXBuildFile; fileRef = FD8F55881A6D0886002A9335 /* PreferencesBonjourViewController.m */; };
		FD8F558B1A6D0886002A9335 /* PreferencesBonjourViewController.xib in Resources */ = {isa = PBXBuildFile; fileRef = FD8F55891A6D0886002A9335 /* PreferencesBonjourViewController.xib */; };
/* End PBXBuildFile section */

/* Begin PBXFileReference section */
		FD8F55541A6D0482002A9335 /* ObjC-Example.app */ = {isa = PBXFileReference; explicitFileType = wrapper.application; includeInIndex = 0; path = "ObjC-Example.app"; sourceTree = BUILT_PRODUCTS_DIR; };
		FD8F55581A6D0482002A9335 /* Info.plist */ = {isa = PBXFileReference; lastKnownFileType = text.plist.xml; name = Info.plist; path = "../ObjC-Example/Info.plist"; sourceTree = "<group>"; };
		FD8F55591A6D0482002A9335 /* AppDelegate.h */ = {isa = PBXFileReference; lastKnownFileType = sourcecode.c.h; name = AppDelegate.h; path = "../ObjC-Example/AppDelegate.h"; sourceTree = "<group>"; };
		FD8F555A1A6D0482002A9335 /* AppDelegate.m */ = {isa = PBXFileReference; lastKnownFileType = sourcecode.c.objc; name = AppDelegate.m; path = "../ObjC-Example/AppDelegate.m"; sourceTree = "<group>"; };
		FD8F555C1A6D0482002A9335 /* main.m */ = {isa = PBXFileReference; lastKnownFileType = sourcecode.c.objc; name = main.m; path = "../ObjC-Example/main.m"; sourceTree = "<group>"; };
		FD8F555E1A6D0482002A9335 /* Images.xcassets */ = {isa = PBXFileReference; lastKnownFileType = folder.assetcatalog; name = Images.xcassets; path = "../ObjC-Example/Images.xcassets"; sourceTree = "<group>"; };
		FD8F55611A6D0482002A9335 /* Base */ = {isa = PBXFileReference; lastKnownFileType = file.xib; name = Base; path = Base.lproj/MainMenu.xib; sourceTree = "<group>"; };
		FD8F55781A6D048F002A9335 /* CCNPreferencesWindowController.h */ = {isa = PBXFileReference; fileEncoding = 4; lastKnownFileType = sourcecode.c.h; path = CCNPreferencesWindowController.h; sourceTree = "<group>"; };
		FD8F55791A6D048F002A9335 /* CCNPreferencesWindowController.m */ = {isa = PBXFileReference; fileEncoding = 4; lastKnownFileType = sourcecode.c.objc; path = CCNPreferencesWindowController.m; sourceTree = "<group>"; };
		FD8F557A1A6D048F002A9335 /* CCNPreferencesWindowControllerProtocol.h */ = {isa = PBXFileReference; fileEncoding = 4; lastKnownFileType = sourcecode.c.h; path = CCNPreferencesWindowControllerProtocol.h; sourceTree = "<group>"; };
		FD8F557C1A6D069E002A9335 /* PreferencesGeneralViewController.h */ = {isa = PBXFileReference; fileEncoding = 4; lastKnownFileType = sourcecode.c.h; name = PreferencesGeneralViewController.h; path = "../ObjC-Example/ViewController/PreferencesGeneralViewController.h"; sourceTree = "<group>"; };
		FD8F557D1A6D069E002A9335 /* PreferencesGeneralViewController.m */ = {isa = PBXFileReference; fileEncoding = 4; lastKnownFileType = sourcecode.c.objc; name = PreferencesGeneralViewController.m; path = "../ObjC-Example/ViewController/PreferencesGeneralViewController.m"; sourceTree = "<group>"; };
		FD8F557E1A6D069E002A9335 /* PreferencesGeneralViewController.xib */ = {isa = PBXFileReference; fileEncoding = 4; lastKnownFileType = file.xib; name = PreferencesGeneralViewController.xib; path = "../ObjC-Example/ViewController/PreferencesGeneralViewController.xib"; sourceTree = "<group>"; };
		FD8F55821A6D078C002A9335 /* PreferencesNetworkViewController.h */ = {isa = PBXFileReference; fileEncoding = 4; lastKnownFileType = sourcecode.c.h; name = PreferencesNetworkViewController.h; path = "../ObjC-Example/ViewController/PreferencesNetworkViewController.h"; sourceTree = "<group>"; };
		FD8F55831A6D078C002A9335 /* PreferencesNetworkViewController.m */ = {isa = PBXFileReference; fileEncoding = 4; lastKnownFileType = sourcecode.c.objc; name = PreferencesNetworkViewController.m; path = "../ObjC-Example/ViewController/PreferencesNetworkViewController.m"; sourceTree = "<group>"; };
		FD8F55841A6D078C002A9335 /* PreferencesNetworkViewController.xib */ = {isa = PBXFileReference; fileEncoding = 4; lastKnownFileType = file.xib; name = PreferencesNetworkViewController.xib; path = "../ObjC-Example/ViewController/PreferencesNetworkViewController.xib"; sourceTree = "<group>"; };
		FD8F55871A6D0886002A9335 /* PreferencesBonjourViewController.h */ = {isa = PBXFileReference; fileEncoding = 4; lastKnownFileType = sourcecode.c.h; name = PreferencesBonjourViewController.h; path = "../ObjC-Example/ViewController/PreferencesBonjourViewController.h"; sourceTree = "<group>"; };
		FD8F55881A6D0886002A9335 /* PreferencesBonjourViewController.m */ = {isa = PBXFileReference; fileEncoding = 4; lastKnownFileType = sourcecode.c.objc; name = PreferencesBonjourViewController.m; path = "../ObjC-Example/ViewController/PreferencesBonjourViewController.m"; sourceTree = "<group>"; };
		FD8F55891A6D0886002A9335 /* PreferencesBonjourViewController.xib */ = {isa = PBXFileReference; fileEncoding = 4; lastKnownFileType = file.xib; name = PreferencesBonjourViewController.xib; path = "../ObjC-Example/ViewController/PreferencesBonjourViewController.xib"; sourceTree = "<group>"; };
/* End PBXFileReference section */

/* Begin PBXFrameworksBuildPhase section */
		FD8F55511A6D0482002A9335 /* Frameworks */ = {
			isa = PBXFrameworksBuildPhase;
			buildActionMask = 2147483647;
			files = (
			);
			runOnlyForDeploymentPostprocessing = 0;
		};
/* End PBXFrameworksBuildPhase section */

/* Begin PBXGroup section */
		FD8F554B1A6D0482002A9335 = {
			isa = PBXGroup;
			children = (
				FD8F55561A6D0482002A9335 /* ObjC-Example */,
				FD8F55551A6D0482002A9335 /* Products */,
			);
			sourceTree = "<group>";
		};
		FD8F55551A6D0482002A9335 /* Products */ = {
			isa = PBXGroup;
			children = (
				FD8F55541A6D0482002A9335 /* ObjC-Example.app */,
			);
			name = Products;
			sourceTree = "<group>";
		};
		FD8F55561A6D0482002A9335 /* ObjC-Example */ = {
			isa = PBXGroup;
			children = (
				FD8F55591A6D0482002A9335 /* AppDelegate.h */,
				FD8F555A1A6D0482002A9335 /* AppDelegate.m */,
				FD8F55601A6D0482002A9335 /* MainMenu.xib */,
				FD8F55811A6D06B7002A9335 /* ViewController */,
				FD8F555E1A6D0482002A9335 /* Images.xcassets */,
				FD8F55771A6D048F002A9335 /* CCNPreferencesWindowController */,
				FD8F55571A6D0482002A9335 /* Supporting Files */,
			);
			name = "ObjC-Example";
			path = "CCNPreferencesWindowController Example";
			sourceTree = "<group>";
		};
		FD8F55571A6D0482002A9335 /* Supporting Files */ = {
			isa = PBXGroup;
			children = (
				FD8F55581A6D0482002A9335 /* Info.plist */,
				FD8F555C1A6D0482002A9335 /* main.m */,
			);
			name = "Supporting Files";
			sourceTree = "<group>";
		};
		FD8F55771A6D048F002A9335 /* CCNPreferencesWindowController */ = {
			isa = PBXGroup;
			children = (
				FD8F55781A6D048F002A9335 /* CCNPreferencesWindowController.h */,
				FD8F55791A6D048F002A9335 /* CCNPreferencesWindowController.m */,
				FD8F557A1A6D048F002A9335 /* CCNPreferencesWindowControllerProtocol.h */,
			);
			name = CCNPreferencesWindowController;
			path = ../../CCNPreferencesWindowController;
			sourceTree = "<group>";
		};
		FD8F55811A6D06B7002A9335 /* ViewController */ = {
			isa = PBXGroup;
			children = (
				FD8F557C1A6D069E002A9335 /* PreferencesGeneralViewController.h */,
				FD8F557D1A6D069E002A9335 /* PreferencesGeneralViewController.m */,
				FD8F557E1A6D069E002A9335 /* PreferencesGeneralViewController.xib */,
				FD8F55821A6D078C002A9335 /* PreferencesNetworkViewController.h */,
				FD8F55831A6D078C002A9335 /* PreferencesNetworkViewController.m */,
				FD8F55841A6D078C002A9335 /* PreferencesNetworkViewController.xib */,
				FD8F55871A6D0886002A9335 /* PreferencesBonjourViewController.h */,
				FD8F55881A6D0886002A9335 /* PreferencesBonjourViewController.m */,
				FD8F55891A6D0886002A9335 /* PreferencesBonjourViewController.xib */,
			);
			name = ViewController;
			sourceTree = "<group>";
		};
/* End PBXGroup section */

/* Begin PBXNativeTarget section */
		FD8F55531A6D0482002A9335 /* ObjC-Example */ = {
			isa = PBXNativeTarget;
			buildConfigurationList = FD8F55711A6D0482002A9335 /* Build configuration list for PBXNativeTarget "ObjC-Example" */;
			buildPhases = (
				FD8F55501A6D0482002A9335 /* Sources */,
				FD8F55511A6D0482002A9335 /* Frameworks */,
				FD8F55521A6D0482002A9335 /* Resources */,
			);
			buildRules = (
			);
			dependencies = (
			);
			name = "ObjC-Example";
			productName = "CCNPreferencesWindowController Example";
			productReference = FD8F55541A6D0482002A9335 /* ObjC-Example.app */;
			productType = "com.apple.product-type.application";
		};
/* End PBXNativeTarget section */

/* Begin PBXProject section */
		FD8F554C1A6D0482002A9335 /* Project object */ = {
			isa = PBXProject;
			attributes = {
				LastUpgradeCheck = 0720;
				ORGANIZATIONNAME = "cocoa:naut";
				TargetAttributes = {
					FD8F55531A6D0482002A9335 = {
						CreatedOnToolsVersion = 6.1.1;
					};
				};
			};
			buildConfigurationList = FD8F554F1A6D0482002A9335 /* Build configuration list for PBXProject "ObjC-Example" */;
			compatibilityVersion = "Xcode 3.2";
			developmentRegion = English;
			hasScannedForEncodings = 0;
			knownRegions = (
				en,
				Base,
			);
			mainGroup = FD8F554B1A6D0482002A9335;
			productRefGroup = FD8F55551A6D0482002A9335 /* Products */;
			projectDirPath = "";
			projectRoot = "";
			targets = (
				FD8F55531A6D0482002A9335 /* ObjC-Example */,
			);
		};
/* End PBXProject section */

/* Begin PBXResourcesBuildPhase section */
		FD8F55521A6D0482002A9335 /* Resources */ = {
			isa = PBXResourcesBuildPhase;
			buildActionMask = 2147483647;
			files = (
				FD8F555F1A6D0482002A9335 /* Images.xcassets in Resources */,
				FD8F55621A6D0482002A9335 /* MainMenu.xib in Resources */,
				FD8F558B1A6D0886002A9335 /* PreferencesBonjourViewController.xib in Resources */,
				FD8F55861A6D078C002A9335 /* PreferencesNetworkViewController.xib in Resources */,
				FD8F55801A6D069E002A9335 /* PreferencesGeneralViewController.xib in Resources */,
			);
			runOnlyForDeploymentPostprocessing = 0;
		};
/* End PBXResourcesBuildPhase section */

/* Begin PBXSourcesBuildPhase section */
		FD8F55501A6D0482002A9335 /* Sources */ = {
			isa = PBXSourcesBuildPhase;
			buildActionMask = 2147483647;
			files = (
				FD8F555D1A6D0482002A9335 /* main.m in Sources */,
				FD8F557F1A6D069E002A9335 /* PreferencesGeneralViewController.m in Sources */,
				FD8F555B1A6D0482002A9335 /* AppDelegate.m in Sources */,
				FD8F557B1A6D048F002A9335 /* CCNPreferencesWindowController.m in Sources */,
				FD8F558A1A6D0886002A9335 /* PreferencesBonjourViewController.m in Sources */,
				FD8F55851A6D078C002A9335 /* PreferencesNetworkViewController.m in Sources */,
			);
			runOnlyForDeploymentPostprocessing = 0;
		};
/* End PBXSourcesBuildPhase section */

/* Begin PBXVariantGroup section */
		FD8F55601A6D0482002A9335 /* MainMenu.xib */ = {
			isa = PBXVariantGroup;
			children = (
				FD8F55611A6D0482002A9335 /* Base */,
			);
			name = MainMenu.xib;
			path = "../ObjC-Example";
			sourceTree = "<group>";
		};
/* End PBXVariantGroup section */

/* Begin XCBuildConfiguration section */
		FD8F556F1A6D0482002A9335 /* Debug */ = {
			isa = XCBuildConfiguration;
			buildSettings = {
				ALWAYS_SEARCH_USER_PATHS = NO;
				CLANG_CXX_LANGUAGE_STANDARD = "gnu++0x";
				CLANG_CXX_LIBRARY = "libc++";
				CLANG_ENABLE_MODULES = YES;
				CLANG_ENABLE_OBJC_ARC = YES;
				CLANG_WARN_BOOL_CONVERSION = YES;
				CLANG_WARN_CONSTANT_CONVERSION = YES;
				CLANG_WARN_DIRECT_OBJC_ISA_USAGE = YES_ERROR;
				CLANG_WARN_EMPTY_BODY = YES;
				CLANG_WARN_ENUM_CONVERSION = YES;
				CLANG_WARN_INT_CONVERSION = YES;
				CLANG_WARN_OBJC_ROOT_CLASS = YES_ERROR;
				CLANG_WARN_UNREACHABLE_CODE = YES;
				CLANG_WARN__DUPLICATE_METHOD_MATCH = YES;
				CODE_SIGN_IDENTITY = "-";
				COPY_PHASE_STRIP = NO;
				ENABLE_STRICT_OBJC_MSGSEND = YES;
				ENABLE_TESTABILITY = YES;
				GCC_C_LANGUAGE_STANDARD = gnu99;
				GCC_DYNAMIC_NO_PIC = NO;
				GCC_OPTIMIZATION_LEVEL = 0;
				GCC_PREPROCESSOR_DEFINITIONS = (
					"DEBUG=1",
					"$(inherited)",
				);
				GCC_SYMBOLS_PRIVATE_EXTERN = NO;
				GCC_WARN_64_TO_32_BIT_CONVERSION = YES;
				GCC_WARN_ABOUT_RETURN_TYPE = YES_ERROR;
				GCC_WARN_UNDECLARED_SELECTOR = YES;
				GCC_WARN_UNINITIALIZED_AUTOS = YES_AGGRESSIVE;
				GCC_WARN_UNUSED_FUNCTION = YES;
				GCC_WARN_UNUSED_VARIABLE = YES;
				MACOSX_DEPLOYMENT_TARGET = 10.10;
				MTL_ENABLE_DEBUG_INFO = YES;
				ONLY_ACTIVE_ARCH = YES;
				SDKROOT = macosx;
			};
			name = Debug;
		};
		FD8F55701A6D0482002A9335 /* Release */ = {
			isa = XCBuildConfiguration;
			buildSettings = {
				ALWAYS_SEARCH_USER_PATHS = NO;
				CLANG_CXX_LANGUAGE_STANDARD = "gnu++0x";
				CLANG_CXX_LIBRARY = "libc++";
				CLANG_ENABLE_MODULES = YES;
				CLANG_ENABLE_OBJC_ARC = YES;
				CLANG_WARN_BOOL_CONVERSION = YES;
				CLANG_WARN_CONSTANT_CONVERSION = YES;
				CLANG_WARN_DIRECT_OBJC_ISA_USAGE = YES_ERROR;
				CLANG_WARN_EMPTY_BODY = YES;
				CLANG_WARN_ENUM_CONVERSION = YES;
				CLANG_WARN_INT_CONVERSION = YES;
				CLANG_WARN_OBJC_ROOT_CLASS = YES_ERROR;
				CLANG_WARN_UNREACHABLE_CODE = YES;
				CLANG_WARN__DUPLICATE_METHOD_MATCH = YES;
				CODE_SIGN_IDENTITY = "-";
				COPY_PHASE_STRIP = YES;
				DEBUG_INFORMATION_FORMAT = "dwarf-with-dsym";
				ENABLE_NS_ASSERTIONS = NO;
				ENABLE_STRICT_OBJC_MSGSEND = YES;
				GCC_C_LANGUAGE_STANDARD = gnu99;
				GCC_WARN_64_TO_32_BIT_CONVERSION = YES;
				GCC_WARN_ABOUT_RETURN_TYPE = YES_ERROR;
				GCC_WARN_UNDECLARED_SELECTOR = YES;
				GCC_WARN_UNINITIALIZED_AUTOS = YES_AGGRESSIVE;
				GCC_WARN_UNUSED_FUNCTION = YES;
				GCC_WARN_UNUSED_VARIABLE = YES;
				MACOSX_DEPLOYMENT_TARGET = 10.10;
				MTL_ENABLE_DEBUG_INFO = NO;
				SDKROOT = macosx;
			};
			name = Release;
		};
		FD8F55721A6D0482002A9335 /* Debug */ = {
			isa = XCBuildConfiguration;
			buildSettings = {
				ASSETCATALOG_COMPILER_APPICON_NAME = AppIcon;
				COMBINE_HIDPI_IMAGES = YES;
				INFOPLIST_FILE = "$(SRCROOT)/ObjC-Example/Info.plist";
				LD_RUNPATH_SEARCH_PATHS = "$(inherited) @executable_path/../Frameworks";
				PRODUCT_NAME = "ObjC-Example";
			};
			name = Debug;
		};
		FD8F55731A6D0482002A9335 /* Release */ = {
			isa = XCBuildConfiguration;
			buildSettings = {
				ASSETCATALOG_COMPILER_APPICON_NAME = AppIcon;
				COMBINE_HIDPI_IMAGES = YES;
				INFOPLIST_FILE = "$(SRCROOT)/ObjC-Example/Info.plist";
				LD_RUNPATH_SEARCH_PATHS = "$(inherited) @executable_path/../Frameworks";
				PRODUCT_NAME = "ObjC-Example";
			};
			name = Release;
		};
/* End XCBuildConfiguration section */

/* Begin XCConfigurationList section */
		FD8F554F1A6D0482002A9335 /* Build configuration list for PBXProject "ObjC-Example" */ = {
			isa = XCConfigurationList;
			buildConfigurations = (
				FD8F556F1A6D0482002A9335 /* Debug */,
				FD8F55701A6D0482002A9335 /* Release */,
			);
			defaultConfigurationIsVisible = 0;
			defaultConfigurationName = Release;
		};
		FD8F55711A6D0482002A9335 /* Build configuration list for PBXNativeTarget "ObjC-Example" */ = {
			isa = XCConfigurationList;
			buildConfigurations = (
				FD8F55721A6D0482002A9335 /* Debug */,
				FD8F55731A6D0482002A9335 /* Release */,
			);
			defaultConfigurationIsVisible = 0;
			defaultConfigurationName = Release;
		};
/* End XCConfigurationList section */
	};
	rootObject = FD8F554C1A6D0482002A9335 /* Project object */;
}
